
Microsoft Visual Studio Solution File, Format Version 12.00
# Visual Studio Version 17
VisualStudioVersion = 17.1.32407.343
MinimumVisualStudioVersion = 10.0.40219.1
Project("{FAE04EC0-301F-11D3-BF4B-00C04F79EFBC}") = "ClassLibrary1", "ClassLibrary1.csproj", "{FCA2973D-F22D-4085-820D-A2C3F420E732}"
EndProject
Global
	GlobalSection(SolutionConfigurationPlatforms) = preSolution
		Debug|Any CPU = Debug|Any CPU
		Release|Any CPU = Release|Any CPU
	EndGlobalSection
	GlobalSection(ProjectConfigurationPlatforms) = postSolution
		{FCA2973D-F22D-4085-820D-A2C3F420E732}.Debug|Any CPU.ActiveCfg = Debug|Any CPU
		{FCA2973D-F22D-4085-820D-A2C3F420E732}.Debug|Any CPU.Build.0 = Debug|Any CPU
		{FCA2973D-F22D-4085-820D-A2C3F420E732}.Release|Any CPU.ActiveCfg = Release|Any CPU
		{FCA2973D-F22D-4085-820D-A2C3F420E732}.Release|Any CPU.Build.0 = Release|Any CPU
	EndGlobalSection
	GlobalSection(SolutionProperties) = preSolution
		HideSolutionNode = FALSE
	EndGlobalSection
	GlobalSection(ExtensibilityGlobals) = postSolution
		SolutionGuid = {01983B1F-FB45-44B3-BD03-4BBFC7132920}
	EndGlobalSection
EndGlobal
